// !$*UTF8*$!
{
	archiveVersion = 1;
	classes = {
	};
	objectVersion = 50;
	objects = {

/* Begin PBXBuildFile section */
		01B643F724E83C3300069479 /* AppDelegate.swift in Sources */ = {isa = PBXBuildFile; fileRef = 01B643F624E83C3300069479 /* AppDelegate.swift */; };
		01B643F924E83C3300069479 /* SceneDelegate.swift in Sources */ = {isa = PBXBuildFile; fileRef = 01B643F824E83C3300069479 /* SceneDelegate.swift */; };
		01B643FB24E83C3300069479 /* MainVC.swift in Sources */ = {isa = PBXBuildFile; fileRef = 01B643FA24E83C3300069479 /* MainVC.swift */; };
		01B643FE24E83C3300069479 /* Main.storyboard in Resources */ = {isa = PBXBuildFile; fileRef = 01B643FC24E83C3300069479 /* Main.storyboard */; };
		01B6440024E83C3400069479 /* Assets.xcassets in Resources */ = {isa = PBXBuildFile; fileRef = 01B643FF24E83C3400069479 /* Assets.xcassets */; };
		01B6440324E83C3400069479 /* LaunchScreen.storyboard in Resources */ = {isa = PBXBuildFile; fileRef = 01B6440124E83C3400069479 /* LaunchScreen.storyboard */; };
		01B6440B24E83C6E00069479 /* SelectionVC.swift in Sources */ = {isa = PBXBuildFile; fileRef = 01B6440A24E83C6E00069479 /* SelectionVC.swift */; };
		01B6440D24E83EBC00069479 /* SelectionDelegate.swift in Sources */ = {isa = PBXBuildFile; fileRef = 01B6440C24E83EBC00069479 /* SelectionDelegate.swift */; };
/* End PBXBuildFile section */

/* Begin PBXFileReference section */
		01B643F324E83C3300069479 /* Delegate Demo.app */ = {isa = PBXFileReference; explicitFileType = wrapper.application; includeInIndex = 0; path = "Delegate Demo.app"; sourceTree = BUILT_PRODUCTS_DIR; };
		01B643F624E83C3300069479 /* AppDelegate.swift */ = {isa = PBXFileReference; lastKnownFileType = sourcecode.swift; path = AppDelegate.swift; sourceTree = "<group>"; };
		01B643F824E83C3300069479 /* SceneDelegate.swift */ = {isa = PBXFileReference; lastKnownFileType = sourcecode.swift; path = SceneDelegate.swift; sourceTree = "<group>"; };
		01B643FA24E83C3300069479 /* MainVC.swift */ = {isa = PBXFileReference; lastKnownFileType = sourcecode.swift; path = MainVC.swift; sourceTree = "<group>"; };
		01B643FD24E83C3300069479 /* Base */ = {isa = PBXFileReference; lastKnownFileType = file.storyboard; name = Base; path = Base.lproj/Main.storyboard; sourceTree = "<group>"; };
		01B643FF24E83C3400069479 /* Assets.xcassets */ = {isa = PBXFileReference; lastKnownFileType = folder.assetcatalog; path = Assets.xcassets; sourceTree = "<group>"; };
		01B6440224E83C3400069479 /* Base */ = {isa = PBXFileReference; lastKnownFileType = file.storyboard; name = Base; path = Base.lproj/LaunchScreen.storyboard; sourceTree = "<group>"; };
		01B6440424E83C3400069479 /* Info.plist */ = {isa = PBXFileReference; lastKnownFileType = text.plist.xml; path = Info.plist; sourceTree = "<group>"; };
		01B6440A24E83C6E00069479 /* SelectionVC.swift */ = {isa = PBXFileReference; lastKnownFileType = sourcecode.swift; path = SelectionVC.swift; sourceTree = "<group>"; };
		01B6440C24E83EBC00069479 /* SelectionDelegate.swift */ = {isa = PBXFileReference; lastKnownFileType = sourcecode.swift; path = SelectionDelegate.swift; sourceTree = "<group>"; };
/* End PBXFileReference section */

/* Begin PBXFrameworksBuildPhase section */
		01B643F024E83C3300069479 /* Frameworks */ = {
			isa = PBXFrameworksBuildPhase;
			buildActionMask = 2147483647;
			files = (
			);
			runOnlyForDeploymentPostprocessing = 0;
		};
/* End PBXFrameworksBuildPhase section */

/* Begin PBXGroup section */
		01B643EA24E83C3300069479 = {
			isa = PBXGroup;
			children = (
				01B643F524E83C3300069479 /* Delegate Demo */,
				01B643F424E83C3300069479 /* Products */,
			);
			sourceTree = "<group>";
		};
		01B643F424E83C3300069479 /* Products */ = {
			isa = PBXGroup;
			children = (
				01B643F324E83C3300069479 /* Delegate Demo.app */,
			);
			name = Products;
			sourceTree = "<group>";
		};
		01B643F524E83C3300069479 /* Delegate Demo */ = {
			isa = PBXGroup;
			children = (
				01B643F624E83C3300069479 /* AppDelegate.swift */,
				01B643F824E83C3300069479 /* SceneDelegate.swift */,
				01B643FA24E83C3300069479 /* MainVC.swift */,
				01B6440A24E83C6E00069479 /* SelectionVC.swift */,
				01B6440C24E83EBC00069479 /* SelectionDelegate.swift */,
				01B643FC24E83C3300069479 /* Main.storyboard */,
				01B6440124E83C3400069479 /* LaunchScreen.storyboard */,
				01B643FF24E83C3400069479 /* Assets.xcassets */,
				01B6440424E83C3400069479 /* Info.plist */,
			);
			path = "Delegate Demo";
			sourceTree = "<group>";
		};
/* End PBXGroup section */

/* Begin PBXNativeTarget section */
		01B643F224E83C3300069479 /* Delegate Demo */ = {
			isa = PBXNativeTarget;
			buildConfigurationList = 01B6440724E83C3400069479 /* Build configuration list for PBXNativeTarget "Delegate Demo" */;
			buildPhases = (
				01B643EF24E83C3300069479 /* Sources */,
				01B643F024E83C3300069479 /* Frameworks */,
				01B643F124E83C3300069479 /* Resources */,
			);
			buildRules = (
			);
			dependencies = (
			);
			name = "Delegate Demo";
			productName = "Delegate Demo";
			productReference = 01B643F324E83C3300069479 /* Delegate Demo.app */;
			productType = "com.apple.product-type.application";
		};
/* End PBXNativeTarget section */

/* Begin PBXProject section */
		01B643EB24E83C3300069479 /* Project object */ = {
			isa = PBXProject;
			attributes = {
				LastSwiftUpdateCheck = 1160;
				LastUpgradeCheck = 1160;
				ORGANIZATIONNAME = "Andrii Halabuda";
				TargetAttributes = {
					01B643F224E83C3300069479 = {
						CreatedOnToolsVersion = 11.6;
					};
				};
			};
			buildConfigurationList = 01B643EE24E83C3300069479 /* Build configuration list for PBXProject "Delegate Demo" */;
			compatibilityVersion = "Xcode 9.3";
			developmentRegion = en;
			hasScannedForEncodings = 0;
			knownRegions = (
				en,
				Base,
			);
			mainGroup = 01B643EA24E83C3300069479;
			productRefGroup = 01B643F424E83C3300069479 /* Products */;
			projectDirPath = "";
			projectRoot = "";
			targets = (
				01B643F224E83C3300069479 /* Delegate Demo */,
			);
		};
/* End PBXProject section */

/* Begin PBXResourcesBuildPhase section */
		01B643F124E83C3300069479 /* Resources */ = {
			isa = PBXResourcesBuildPhase;
			buildActionMask = 2147483647;
			files = (
				01B6440324E83C3400069479 /* LaunchScreen.storyboard in Resources */,
				01B6440024E83C3400069479 /* Assets.xcassets in Resources */,
				01B643FE24E83C3300069479 /* Main.storyboard in Resources */,
			);
			runOnlyForDeploymentPostprocessing = 0;
		};
/* End PBXResourcesBuildPhase section */

/* Begin PBXSourcesBuildPhase section */
		01B643EF24E83C3300069479 /* Sources */ = {
			isa = PBXSourcesBuildPhase;
			buildActionMask = 2147483647;
			files = (
				01B643FB24E83C3300069479 /* MainVC.swift in Sources */,
				01B643F724E83C3300069479 /* AppDelegate.swift in Sources */,
				01B643F924E83C3300069479 /* SceneDelegate.swift in Sources */,
				01B6440B24E83C6E00069479 /* SelectionVC.swift in Sources */,
				01B6440D24E83EBC00069479 /* SelectionDelegate.swift in Sources */,
			);
			runOnlyForDeploymentPostprocessing = 0;
		};
/* End PBXSourcesBuildPhase section */

/* Begin PBXVariantGroup section */
		01B643FC24E83C3300069479 /* Main.storyboard */ = {
			isa = PBXVariantGroup;
			children = (
				01B643FD24E83C3300069479 /* Base */,
			);
			name = Main.storyboard;
			sourceTree = "<group>";
		};
		01B6440124E83C3400069479 /* LaunchScreen.storyboard */ = {
			isa = PBXVariantGroup;
			children = (
				01B6440224E83C3400069479 /* Base */,
			);
			name = LaunchScreen.storyboard;
			sourceTree = "<group>";
		};
/* End PBXVariantGroup section */

/* Begin XCBuildConfiguration section */
		01B6440524E83C3400069479 /* Debug */ = {
			isa = XCBuildConfiguration;
			buildSettings = {
				ALWAYS_SEARCH_USER_PATHS = NO;
				CLANG_ANALYZER_NONNULL = YES;
				CLANG_ANALYZER_NUMBER_OBJECT_CONVERSION = YES_AGGRESSIVE;
				CLANG_CXX_LANGUAGE_STANDARD = "gnu++14";
				CLANG_CXX_LIBRARY = "libc++";
				CLANG_ENABLE_MODULES = YES;
				CLANG_ENABLE_OBJC_ARC = YES;
				CLANG_ENABLE_OBJC_WEAK = YES;
				CLANG_WARN_BLOCK_CAPTURE_AUTORELEASING = YES;
				CLANG_WARN_BOOL_CONVERSION = YES;
				CLANG_WARN_COMMA = YES;
				CLANG_WARN_CONSTANT_CONVERSION = YES;
				CLANG_WARN_DEPRECATED_OBJC_IMPLEMENTATIONS = YES;
				CLANG_WARN_DIRECT_OBJC_ISA_USAGE = YES_ERROR;
				CLANG_WARN_DOCUMENTATION_COMMENTS = YES;
				CLANG_WARN_EMPTY_BODY = YES;
				CLANG_WARN_ENUM_CONVERSION = YES;
				CLANG_WARN_INFINITE_RECURSION = YES;
				CLANG_WARN_INT_CONVERSION = YES;
				CLANG_WARN_NON_LITERAL_NULL_CONVERSION = YES;
				CLANG_WARN_OBJC_IMPLICIT_RETAIN_SELF = YES;
				CLANG_WARN_OBJC_LITERAL_CONVERSION = YES;
				CLANG_WARN_OBJC_ROOT_CLASS = YES_ERROR;
				CLANG_WARN_RANGE_LOOP_ANALYSIS = YES;
				CLANG_WARN_STRICT_PROTOTYPES = YES;
				CLANG_WARN_SUSPICIOUS_MOVE = YES;
				CLANG_WARN_UNGUARDED_AVAILABILITY = YES_AGGRESSIVE;
				CLANG_WARN_UNREACHABLE_CODE = YES;
				CLANG_WARN__DUPLICATE_METHOD_MATCH = YES;
				COPY_PHASE_STRIP = NO;
				DEBUG_INFORMATION_FORMAT = dwarf;
				ENABLE_STRICT_OBJC_MSGSEND = YES;
				ENABLE_TESTABILITY = YES;
				GCC_C_LANGUAGE_STANDARD = gnu11;
				GCC_DYNAMIC_NO_PIC = NO;
				GCC_NO_COMMON_BLOCKS = YES;
				GCC_OPTIMIZATION_LEVEL = 0;
				GCC_PREPROCESSOR_DEFINITIONS = (
					"DEBUG=1",
					"$(inherited)",
				);
				GCC_WARN_64_TO_32_BIT_CONVERSION = YES;
				GCC_WARN_ABOUT_RETURN_TYPE = YES_ERROR;
				GCC_WARN_UNDECLARED_SELECTOR = YES;
				GCC_WARN_UNINITIALIZED_AUTOS = YES_AGGRESSIVE;
				GCC_WARN_UNUSED_FUNCTION = YES;
				GCC_WARN_UNUSED_VARIABLE = YES;
				IPHONEOS_DEPLOYMENT_TARGET = 13.6;
				MTL_ENABLE_DEBUG_INFO = INCLUDE_SOURCE;
				MTL_FAST_MATH = YES;
				ONLY_ACTIVE_ARCH = YES;
				SDKROOT = iphoneos;
				SWIFT_ACTIVE_COMPILATION_CONDITIONS = DEBUG;
				SWIFT_OPTIMIZATION_LEVEL = "-Onone";
			};
			name = Debug;
		};
		01B6440624E83C3400069479 /* Release */ = {
			isa = XCBuildConfiguration;
			buildSettings = {
				ALWAYS_SEARCH_USER_PATHS = NO;
				CLANG_ANALYZER_NONNULL = YES;
				CLANG_ANALYZER_NUMBER_OBJECT_CONVERSION = YES_AGGRESSIVE;
				CLANG_CXX_LANGUAGE_STANDARD = "gnu++14";
				CLANG_CXX_LIBRARY = "libc++";
				CLANG_ENABLE_MODULES = YES;
				CLANG_ENABLE_OBJC_ARC = YES;
				CLANG_ENABLE_OBJC_WEAK = YES;
				CLANG_WARN_BLOCK_CAPTURE_AUTORELEASING = YES;
				CLANG_WARN_BOOL_CONVERSION = YES;
				CLANG_WARN_COMMA = YES;
				CLANG_WARN_CONSTANT_CONVERSION = YES;
				CLANG_WARN_DEPRECATED_OBJC_IMPLEMENTATIONS = YES;
				CLANG_WARN_DIRECT_OBJC_ISA_USAGE = YES_ERROR;
				CLANG_WARN_DOCUMENTATION_COMMENTS = YES;
				CLANG_WARN_EMPTY_BODY = YES;
				CLANG_WARN_ENUM_CONVERSION = YES;
				CLANG_WARN_INFINITE_RECURSION = YES;
				CLANG_WARN_INT_CONVERSION = YES;
				CLANG_WARN_NON_LITERAL_NULL_CONVERSION = YES;
				CLANG_WARN_OBJC_IMPLICIT_RETAIN_SELF = YES;
				CLANG_WARN_OBJC_LITERAL_CONVERSION = YES;
				CLANG_WARN_OBJC_ROOT_CLASS = YES_ERROR;
				CLANG_WARN_RANGE_LOOP_ANALYSIS = YES;
				CLANG_WARN_STRICT_PROTOTYPES = YES;
				CLANG_WARN_SUSPICIOUS_MOVE = YES;
				CLANG_WARN_UNGUARDED_AVAILABILITY = YES_AGGRESSIVE;
				CLANG_WARN_UNREACHABLE_CODE = YES;
				CLANG_WARN__DUPLICATE_METHOD_MATCH = YES;
				COPY_PHASE_STRIP = NO;
				DEBUG_INFORMATION_FORMAT = "dwarf-with-dsym";
				ENABLE_NS_ASSERTIONS = NO;
				ENABLE_STRICT_OBJC_MSGSEND = YES;
				GCC_C_LANGUAGE_STANDARD = gnu11;
				GCC_NO_COMMON_BLOCKS = YES;
				GCC_WARN_64_TO_32_BIT_CONVERSION = YES;
				GCC_WARN_ABOUT_RETURN_TYPE = YES_ERROR;
				GCC_WARN_UNDECLARED_SELECTOR = YES;
				GCC_WARN_UNINITIALIZED_AUTOS = YES_AGGRESSIVE;
				GCC_WARN_UNUSED_FUNCTION = YES;
				GCC_WARN_UNUSED_VARIABLE = YES;
				IPHONEOS_DEPLOYMENT_TARGET = 13.6;
				MTL_ENABLE_DEBUG_INFO = NO;
				MTL_FAST_MATH = YES;
				SDKROOT = iphoneos;
				SWIFT_COMPILATION_MODE = wholemodule;
				SWIFT_OPTIMIZATION_LEVEL = "-O";
				VALIDATE_PRODUCT = YES;
			};
			name = Release;
		};
		01B6440824E83C3400069479 /* Debug */ = {
			isa = XCBuildConfiguration;
			buildSettings = {
				ASSETCATALOG_COMPILER_APPICON_NAME = AppIcon;
				CODE_SIGN_STYLE = Automatic;
				DEVELOPMENT_TEAM = PTRW36GG78;
				INFOPLIST_FILE = "Delegate Demo/Info.plist";
				LD_RUNPATH_SEARCH_PATHS = (
					"$(inherited)",
					"@executable_path/Frameworks",
				);
				PRODUCT_BUNDLE_IDENTIFIER = "com.Andrew11US.Delegate-Demo";
				PRODUCT_NAME = "$(TARGET_NAME)";
				SWIFT_VERSION = 5.0;
				TARGETED_DEVICE_FAMILY = "1,2";
			};
			name = Debug;
		};
		01B6440924E83C3400069479 /* Release */ = {
			isa = XCBuildConfiguration;
			buildSettings = {
				ASSETCATALOG_COMPILER_APPICON_NAME = AppIcon;
				CODE_SIGN_STYLE = Automatic;
				DEVELOPMENT_TEAM = PTRW36GG78;
				INFOPLIST_FILE = "Delegate Demo/Info.plist";
				LD_RUNPATH_SEARCH_PATHS = (
					"$(inherited)",
					"@executable_path/Frameworks",
				);
				PRODUCT_BUNDLE_IDENTIFIER = "com.Andrew11US.Delegate-Demo";
				PRODUCT_NAME = "$(TARGET_NAME)";
				SWIFT_VERSION = 5.0;
				TARGETED_DEVICE_FAMILY = "1,2";
			};
			name = Release;
		};
/* End XCBuildConfiguration section */

/* Begin XCConfigurationList section */
		01B643EE24E83C3300069479 /* Build configuration list for PBXProject "Delegate Demo" */ = {
			isa = XCConfigurationList;
			buildConfigurations = (
				01B6440524E83C3400069479 /* Debug */,
				01B6440624E83C3400069479 /* Release */,
			);
			defaultConfigurationIsVisible = 0;
			defaultConfigurationName = Release;
		};
		01B6440724E83C3400069479 /* Build configuration list for PBXNativeTarget "Delegate Demo" */ = {
			isa = XCConfigurationList;
			buildConfigurations = (
				01B6440824E83C3400069479 /* Debug */,
				01B6440924E83C3400069479 /* Release */,
			);
			defaultConfigurationIsVisible = 0;
			defaultConfigurationName = Release;
		};
/* End XCConfigurationList section */
	};
	rootObject = 01B643EB24E83C3300069479 /* Project object */;
}
